
Microsoft Visual Studio Solution File, Format Version 12.00
# Visual Studio 14
VisualStudioVersion = 14.0.25420.1
MinimumVisualStudioVersion = 10.0.40219.1
Project("{CC5FD16D-436D-48AD-A40C-5A424C6E3E79}") = "SFA.DAS.Audit", "SFA.DAS.Audit\SFA.DAS.Audit.ccproj", "{5C66A2E9-04FA-44C2-A810-1756A61B3543}"
EndProject
Project("{FAE04EC0-301F-11D3-BF4B-00C04F79EFBC}") = "SFA.DAS.Audit.Web", "SFA.DAS.Audit.Web\SFA.DAS.Audit.Web.csproj", "{5E019A97-E667-4A26-AB1E-268EF6DCD899}"
EndProject
Project("{FAE04EC0-301F-11D3-BF4B-00C04F79EFBC}") = "SFA.DAS.Audit.Processor", "SFA.DAS.Audit.Processor\SFA.DAS.Audit.Processor.csproj", "{48D20CE3-9D10-4C2A-927D-9CE49FD8C974}"
EndProject
Project("{2150E333-8FDC-42A3-9474-1A3956D46DE8}") = "Build", "Build", "{A150B6FB-C39C-4895-A9B2-3C9405145A09}"
	ProjectSection(SolutionItems) = preProject
		Build.fsx = Build.fsx
		RunBuild.bat = RunBuild.bat
	EndProjectSection
EndProject
Project("{2150E333-8FDC-42A3-9474-1A3956D46DE8}") = "Tests", "Tests", "{4057E0AE-A234-41FD-A243-342224720B81}"
EndProject
Project("{FAE04EC0-301F-11D3-BF4B-00C04F79EFBC}") = "SFA.DAS.Audit.Web.UnitTests", "SFA.DAS.Audit.Web.UnitTests\SFA.DAS.Audit.Web.UnitTests.csproj", "{D6534A02-8980-4CA3-8DE7-DD2B060D7DCC}"
EndProject
Project("{FAE04EC0-301F-11D3-BF4B-00C04F79EFBC}") = "SFA.DAS.Audit.Types", "SFA.DAS.Audit.Types\SFA.DAS.Audit.Types.csproj", "{65C87885-651F-4716-B872-170BCC9115DA}"
EndProject
Project("{FAE04EC0-301F-11D3-BF4B-00C04F79EFBC}") = "SFA.DAS.Audit.Client", "SFA.DAS.Audit.Client\SFA.DAS.Audit.Client.csproj", "{1FC81287-47B6-46D2-8B35-C183DB5191D0}"
EndProject
Project("{FAE04EC0-301F-11D3-BF4B-00C04F79EFBC}") = "SFA.DAS.Audit.Application", "SFA.DAS.Audit.Application\SFA.DAS.Audit.Application.csproj", "{497CCEE8-BB71-47E4-8F72-A068EB94DB96}"
EndProject
Project("{FAE04EC0-301F-11D3-BF4B-00C04F79EFBC}") = "SFA.DAS.Audit.Application.UnitTests", "SFA.DAS.Audit.Application.UnitTests\SFA.DAS.Audit.Application.UnitTests.csproj", "{BE998449-0FFE-4E21-A18D-854FCCDF2BA3}"
EndProject
Project("{FAE04EC0-301F-11D3-BF4B-00C04F79EFBC}") = "SFA.DAS.Audit.Client.Web", "SFA.DAS.Audit.Client.Web\SFA.DAS.Audit.Client.Web.csproj", "{DA9FA2B8-17C3-4699-BA38-316CC5FA661D}"
EndProject
Project("{FAE04EC0-301F-11D3-BF4B-00C04F79EFBC}") = "SFA.DAS.Audit.Client.Web.UnitTests", "SFA.DAS.Audit.Client.Web.UnitTests\SFA.DAS.Audit.Client.Web.UnitTests.csproj", "{E262543E-24B8-4E6B-9093-26A1AAEC0AE2}"
EndProject
Project("{FAE04EC0-301F-11D3-BF4B-00C04F79EFBC}") = "SFA.DAS.Audit.Infrastructure", "SFA.DAS.Audit.Infrastructure\SFA.DAS.Audit.Infrastructure.csproj", "{1F8B4312-D933-472F-A278-A976F101FAAB}"
EndProject
Project("{FAE04EC0-301F-11D3-BF4B-00C04F79EFBC}") = "SFA.DAS.Audit.Processor.UnitTests", "SFA.DAS.Audit.Processor.UnitTests\SFA.DAS.Audit.Processor.UnitTests.csproj", "{3DB3EC6F-06F8-4F64-9CF8-305ED07109D1}"
EndProject
Project("{FAE04EC0-301F-11D3-BF4B-00C04F79EFBC}") = "SFA.DAS.Audit.Domain", "SFA.DAS.Audit.Domain\SFA.DAS.Audit.Domain.csproj", "{D45FF3B6-5A7A-4817-9792-55FFCBD9BA71}"
EndProject
Global
	GlobalSection(SolutionConfigurationPlatforms) = preSolution
		Debug|Any CPU = Debug|Any CPU
		Release|Any CPU = Release|Any CPU
	EndGlobalSection
	GlobalSection(ProjectConfigurationPlatforms) = postSolution
		{5C66A2E9-04FA-44C2-A810-1756A61B3543}.Debug|Any CPU.ActiveCfg = Debug|Any CPU
		{5C66A2E9-04FA-44C2-A810-1756A61B3543}.Debug|Any CPU.Build.0 = Debug|Any CPU
		{5C66A2E9-04FA-44C2-A810-1756A61B3543}.Release|Any CPU.ActiveCfg = Release|Any CPU
		{5C66A2E9-04FA-44C2-A810-1756A61B3543}.Release|Any CPU.Build.0 = Release|Any CPU
		{5E019A97-E667-4A26-AB1E-268EF6DCD899}.Debug|Any CPU.ActiveCfg = Debug|Any CPU
		{5E019A97-E667-4A26-AB1E-268EF6DCD899}.Debug|Any CPU.Build.0 = Debug|Any CPU
		{5E019A97-E667-4A26-AB1E-268EF6DCD899}.Release|Any CPU.ActiveCfg = Release|Any CPU
		{5E019A97-E667-4A26-AB1E-268EF6DCD899}.Release|Any CPU.Build.0 = Release|Any CPU
		{48D20CE3-9D10-4C2A-927D-9CE49FD8C974}.Debug|Any CPU.ActiveCfg = Debug|Any CPU
		{48D20CE3-9D10-4C2A-927D-9CE49FD8C974}.Debug|Any CPU.Build.0 = Debug|Any CPU
		{48D20CE3-9D10-4C2A-927D-9CE49FD8C974}.Release|Any CPU.ActiveCfg = Release|Any CPU
		{48D20CE3-9D10-4C2A-927D-9CE49FD8C974}.Release|Any CPU.Build.0 = Release|Any CPU
		{D6534A02-8980-4CA3-8DE7-DD2B060D7DCC}.Debug|Any CPU.ActiveCfg = Debug|Any CPU
		{D6534A02-8980-4CA3-8DE7-DD2B060D7DCC}.Debug|Any CPU.Build.0 = Debug|Any CPU
		{D6534A02-8980-4CA3-8DE7-DD2B060D7DCC}.Release|Any CPU.ActiveCfg = Release|Any CPU
		{D6534A02-8980-4CA3-8DE7-DD2B060D7DCC}.Release|Any CPU.Build.0 = Release|Any CPU
		{65C87885-651F-4716-B872-170BCC9115DA}.Debug|Any CPU.ActiveCfg = Debug|Any CPU
		{65C87885-651F-4716-B872-170BCC9115DA}.Debug|Any CPU.Build.0 = Debug|Any CPU
		{65C87885-651F-4716-B872-170BCC9115DA}.Release|Any CPU.ActiveCfg = Release|Any CPU
		{65C87885-651F-4716-B872-170BCC9115DA}.Release|Any CPU.Build.0 = Release|Any CPU
		{1FC81287-47B6-46D2-8B35-C183DB5191D0}.Debug|Any CPU.ActiveCfg = Debug|Any CPU
		{1FC81287-47B6-46D2-8B35-C183DB5191D0}.Debug|Any CPU.Build.0 = Debug|Any CPU
		{1FC81287-47B6-46D2-8B35-C183DB5191D0}.Release|Any CPU.ActiveCfg = Release|Any CPU
		{1FC81287-47B6-46D2-8B35-C183DB5191D0}.Release|Any CPU.Build.0 = Release|Any CPU
		{497CCEE8-BB71-47E4-8F72-A068EB94DB96}.Debug|Any CPU.ActiveCfg = Debug|Any CPU
		{497CCEE8-BB71-47E4-8F72-A068EB94DB96}.Debug|Any CPU.Build.0 = Debug|Any CPU
		{497CCEE8-BB71-47E4-8F72-A068EB94DB96}.Release|Any CPU.ActiveCfg = Release|Any CPU
		{497CCEE8-BB71-47E4-8F72-A068EB94DB96}.Release|Any CPU.Build.0 = Release|Any CPU
		{BE998449-0FFE-4E21-A18D-854FCCDF2BA3}.Debug|Any CPU.ActiveCfg = Debug|Any CPU
		{BE998449-0FFE-4E21-A18D-854FCCDF2BA3}.Debug|Any CPU.Build.0 = Debug|Any CPU
		{BE998449-0FFE-4E21-A18D-854FCCDF2BA3}.Release|Any CPU.ActiveCfg = Release|Any CPU
		{BE998449-0FFE-4E21-A18D-854FCCDF2BA3}.Release|Any CPU.Build.0 = Release|Any CPU
		{DA9FA2B8-17C3-4699-BA38-316CC5FA661D}.Debug|Any CPU.ActiveCfg = Debug|Any CPU
		{DA9FA2B8-17C3-4699-BA38-316CC5FA661D}.Debug|Any CPU.Build.0 = Debug|Any CPU
		{DA9FA2B8-17C3-4699-BA38-316CC5FA661D}.Release|Any CPU.ActiveCfg = Release|Any CPU
		{DA9FA2B8-17C3-4699-BA38-316CC5FA661D}.Release|Any CPU.Build.0 = Release|Any CPU
		{E262543E-24B8-4E6B-9093-26A1AAEC0AE2}.Debug|Any CPU.ActiveCfg = Debug|Any CPU
		{E262543E-24B8-4E6B-9093-26A1AAEC0AE2}.Debug|Any CPU.Build.0 = Debug|Any CPU
		{E262543E-24B8-4E6B-9093-26A1AAEC0AE2}.Release|Any CPU.ActiveCfg = Release|Any CPU
		{E262543E-24B8-4E6B-9093-26A1AAEC0AE2}.Release|Any CPU.Build.0 = Release|Any CPU
		{1F8B4312-D933-472F-A278-A976F101FAAB}.Debug|Any CPU.ActiveCfg = Debug|Any CPU
		{1F8B4312-D933-472F-A278-A976F101FAAB}.Debug|Any CPU.Build.0 = Debug|Any CPU
		{1F8B4312-D933-472F-A278-A976F101FAAB}.Release|Any CPU.ActiveCfg = Release|Any CPU
		{1F8B4312-D933-472F-A278-A976F101FAAB}.Release|Any CPU.Build.0 = Release|Any CPU
		{3DB3EC6F-06F8-4F64-9CF8-305ED07109D1}.Debug|Any CPU.ActiveCfg = Debug|Any CPU
		{3DB3EC6F-06F8-4F64-9CF8-305ED07109D1}.Debug|Any CPU.Build.0 = Debug|Any CPU
		{3DB3EC6F-06F8-4F64-9CF8-305ED07109D1}.Release|Any CPU.ActiveCfg = Release|Any CPU
		{3DB3EC6F-06F8-4F64-9CF8-305ED07109D1}.Release|Any CPU.Build.0 = Release|Any CPU
		{D45FF3B6-5A7A-4817-9792-55FFCBD9BA71}.Debug|Any CPU.ActiveCfg = Debug|Any CPU
		{D45FF3B6-5A7A-4817-9792-55FFCBD9BA71}.Debug|Any CPU.Build.0 = Debug|Any CPU
		{D45FF3B6-5A7A-4817-9792-55FFCBD9BA71}.Release|Any CPU.ActiveCfg = Release|Any CPU
		{D45FF3B6-5A7A-4817-9792-55FFCBD9BA71}.Release|Any CPU.Build.0 = Release|Any CPU
	EndGlobalSection
	GlobalSection(SolutionProperties) = preSolution
		HideSolutionNode = FALSE
	EndGlobalSection
	GlobalSection(NestedProjects) = preSolution
		{D6534A02-8980-4CA3-8DE7-DD2B060D7DCC} = {4057E0AE-A234-41FD-A243-342224720B81}
		{BE998449-0FFE-4E21-A18D-854FCCDF2BA3} = {4057E0AE-A234-41FD-A243-342224720B81}
		{E262543E-24B8-4E6B-9093-26A1AAEC0AE2} = {4057E0AE-A234-41FD-A243-342224720B81}
		{3DB3EC6F-06F8-4F64-9CF8-305ED07109D1} = {4057E0AE-A234-41FD-A243-342224720B81}
	EndGlobalSection
EndGlobal
